
Microsoft Visual Studio Solution File, Format Version 12.00
# Visual Studio Version 17
VisualStudioVersion = 17.5.33424.131
MinimumVisualStudioVersion = 10.0.40219.1
Project("{FAE04EC0-301F-11D3-BF4B-00C04F79EFBC}") = "QuickSortRegistro(3)", "QuickSortRegistro(3)\QuickSortRegistro(3).csproj", "{80554EAC-E084-42F5-8713-4C8580DA37C9}"
EndProject
Global
	GlobalSection(SolutionConfigurationPlatforms) = preSolution
		Debug|Any CPU = Debug|Any CPU
		Release|Any CPU = Release|Any CPU
	EndGlobalSection
	GlobalSection(ProjectConfigurationPlatforms) = postSolution
		{80554EAC-E084-42F5-8713-4C8580DA37C9}.Debug|Any CPU.ActiveCfg = Debug|Any CPU
		{80554EAC-E084-42F5-8713-4C8580DA37C9}.Debug|Any CPU.Build.0 = Debug|Any CPU
		{80554EAC-E084-42F5-8713-4C8580DA37C9}.Release|Any CPU.ActiveCfg = Release|Any CPU
		{80554EAC-E084-42F5-8713-4C8580DA37C9}.Release|Any CPU.Build.0 = Release|Any CPU
	EndGlobalSection
	GlobalSection(SolutionProperties) = preSolution
		HideSolutionNode = FALSE
	EndGlobalSection
	GlobalSection(ExtensibilityGlobals) = postSolution
		SolutionGuid = {51473198-A11C-401C-92DD-F8238B40BA28}
	EndGlobalSection
EndGlobal
